
Microsoft Visual Studio Solution File, Format Version 12.00
# Visual Studio Version 16
VisualStudioVersion = 16.0.29926.136
MinimumVisualStudioVersion = 10.0.40219.1
Project("{FAE04EC0-301F-11D3-BF4B-00C04F79EFBC}") = "Tutorip.Android", "Tutorip.Android\Tutorip.Android.csproj", "{51A69D02-E80E-48CD-979A-897446EB4322}"
EndProject
Project("{FAE04EC0-301F-11D3-BF4B-00C04F79EFBC}") = "Tutorip.iOS", "Tutorip.iOS\Tutorip.iOS.csproj", "{46714ECA-D992-4C3F-B5A1-66CEF931374C}"
EndProject
Project("{FAE04EC0-301F-11D3-BF4B-00C04F79EFBC}") = "Tutorip", "Tutorip\Tutorip.csproj", "{4E1E8703-406A-45F7-B24B-BAB254292BFD}"
EndProject
Global
	GlobalSection(SolutionConfigurationPlatforms) = preSolution
		Debug|Any CPU = Debug|Any CPU
		Debug|iPhone = Debug|iPhone
		Debug|iPhoneSimulator = Debug|iPhoneSimulator
		Release|Any CPU = Release|Any CPU
		Release|iPhone = Release|iPhone
		Release|iPhoneSimulator = Release|iPhoneSimulator
	EndGlobalSection
	GlobalSection(ProjectConfigurationPlatforms) = postSolution
		{51A69D02-E80E-48CD-979A-897446EB4322}.Debug|Any CPU.ActiveCfg = Debug|Any CPU
		{51A69D02-E80E-48CD-979A-897446EB4322}.Debug|Any CPU.Build.0 = Debug|Any CPU
		{51A69D02-E80E-48CD-979A-897446EB4322}.Debug|Any CPU.Deploy.0 = Debug|Any CPU
		{51A69D02-E80E-48CD-979A-897446EB4322}.Debug|iPhone.ActiveCfg = Debug|Any CPU
		{51A69D02-E80E-48CD-979A-897446EB4322}.Debug|iPhone.Build.0 = Debug|Any CPU
		{51A69D02-E80E-48CD-979A-897446EB4322}.Debug|iPhone.Deploy.0 = Debug|Any CPU
		{51A69D02-E80E-48CD-979A-897446EB4322}.Debug|iPhoneSimulator.ActiveCfg = Debug|Any CPU
		{51A69D02-E80E-48CD-979A-897446EB4322}.Debug|iPhoneSimulator.Build.0 = Debug|Any CPU
		{51A69D02-E80E-48CD-979A-897446EB4322}.Debug|iPhoneSimulator.Deploy.0 = Debug|Any CPU
		{51A69D02-E80E-48CD-979A-897446EB4322}.Release|Any CPU.ActiveCfg = Release|Any CPU
		{51A69D02-E80E-48CD-979A-897446EB4322}.Release|Any CPU.Build.0 = Release|Any CPU
		{51A69D02-E80E-48CD-979A-897446EB4322}.Release|Any CPU.Deploy.0 = Release|Any CPU
		{51A69D02-E80E-48CD-979A-897446EB4322}.Release|iPhone.ActiveCfg = Release|Any CPU
		{51A69D02-E80E-48CD-979A-897446EB4322}.Release|iPhone.Build.0 = Release|Any CPU
		{51A69D02-E80E-48CD-979A-897446EB4322}.Release|iPhone.Deploy.0 = Release|Any CPU
		{51A69D02-E80E-48CD-979A-897446EB4322}.Release|iPhoneSimulator.ActiveCfg = Release|Any CPU
		{51A69D02-E80E-48CD-979A-897446EB4322}.Release|iPhoneSimulator.Build.0 = Release|Any CPU
		{51A69D02-E80E-48CD-979A-897446EB4322}.Release|iPhoneSimulator.Deploy.0 = Release|Any CPU
		{46714ECA-D992-4C3F-B5A1-66CEF931374C}.Debug|Any CPU.ActiveCfg = Debug|iPhone
		{46714ECA-D992-4C3F-B5A1-66CEF931374C}.Debug|Any CPU.Build.0 = Debug|iPhone
		{46714ECA-D992-4C3F-B5A1-66CEF931374C}.Debug|Any CPU.Deploy.0 = Debug|iPhone
		{46714ECA-D992-4C3F-B5A1-66CEF931374C}.Debug|iPhone.ActiveCfg = Debug|iPhone
		{46714ECA-D992-4C3F-B5A1-66CEF931374C}.Debug|iPhone.Build.0 = Debug|iPhone
		{46714ECA-D992-4C3F-B5A1-66CEF931374C}.Debug|iPhone.Deploy.0 = Debug|iPhone
		{46714ECA-D992-4C3F-B5A1-66CEF931374C}.Debug|iPhoneSimulator.ActiveCfg = Debug|iPhoneSimulator
		{46714ECA-D992-4C3F-B5A1-66CEF931374C}.Debug|iPhoneSimulator.Build.0 = Debug|iPhoneSimulator
		{46714ECA-D992-4C3F-B5A1-66CEF931374C}.Debug|iPhoneSimulator.Deploy.0 = Debug|iPhoneSimulator
		{46714ECA-D992-4C3F-B5A1-66CEF931374C}.Release|Any CPU.ActiveCfg = Release|iPhone
		{46714ECA-D992-4C3F-B5A1-66CEF931374C}.Release|Any CPU.Build.0 = Release|iPhone
		{46714ECA-D992-4C3F-B5A1-66CEF931374C}.Release|Any CPU.Deploy.0 = Release|iPhone
		{46714ECA-D992-4C3F-B5A1-66CEF931374C}.Release|iPhone.ActiveCfg = Release|iPhone
		{46714ECA-D992-4C3F-B5A1-66CEF931374C}.Release|iPhone.Build.0 = Release|iPhone
		{46714ECA-D992-4C3F-B5A1-66CEF931374C}.Release|iPhone.Deploy.0 = Release|iPhone
		{46714ECA-D992-4C3F-B5A1-66CEF931374C}.Release|iPhoneSimulator.ActiveCfg = Release|iPhoneSimulator
		{46714ECA-D992-4C3F-B5A1-66CEF931374C}.Release|iPhoneSimulator.Build.0 = Release|iPhoneSimulator
		{46714ECA-D992-4C3F-B5A1-66CEF931374C}.Release|iPhoneSimulator.Deploy.0 = Release|iPhoneSimulator
		{4E1E8703-406A-45F7-B24B-BAB254292BFD}.Debug|Any CPU.ActiveCfg = Debug|Any CPU
		{4E1E8703-406A-45F7-B24B-BAB254292BFD}.Debug|Any CPU.Build.0 = Debug|Any CPU
		{4E1E8703-406A-45F7-B24B-BAB254292BFD}.Debug|Any CPU.Deploy.0 = Debug|Any CPU
		{4E1E8703-406A-45F7-B24B-BAB254292BFD}.Debug|iPhone.ActiveCfg = Debug|Any CPU
		{4E1E8703-406A-45F7-B24B-BAB254292BFD}.Debug|iPhone.Build.0 = Debug|Any CPU
		{4E1E8703-406A-45F7-B24B-BAB254292BFD}.Debug|iPhone.Deploy.0 = Debug|Any CPU
		{4E1E8703-406A-45F7-B24B-BAB254292BFD}.Debug|iPhoneSimulator.ActiveCfg = Debug|Any CPU
		{4E1E8703-406A-45F7-B24B-BAB254292BFD}.Debug|iPhoneSimulator.Build.0 = Debug|Any CPU
		{4E1E8703-406A-45F7-B24B-BAB254292BFD}.Debug|iPhoneSimulator.Deploy.0 = Debug|Any CPU
		{4E1E8703-406A-45F7-B24B-BAB254292BFD}.Release|Any CPU.ActiveCfg = Release|Any CPU
		{4E1E8703-406A-45F7-B24B-BAB254292BFD}.Release|Any CPU.Build.0 = Release|Any CPU
		{4E1E8703-406A-45F7-B24B-BAB254292BFD}.Release|Any CPU.Deploy.0 = Release|Any CPU
		{4E1E8703-406A-45F7-B24B-BAB254292BFD}.Release|iPhone.ActiveCfg = Release|Any CPU
		{4E1E8703-406A-45F7-B24B-BAB254292BFD}.Release|iPhone.Build.0 = Release|Any CPU
		{4E1E8703-406A-45F7-B24B-BAB254292BFD}.Release|iPhone.Deploy.0 = Release|Any CPU
		{4E1E8703-406A-45F7-B24B-BAB254292BFD}.Release|iPhoneSimulator.ActiveCfg = Release|Any CPU
		{4E1E8703-406A-45F7-B24B-BAB254292BFD}.Release|iPhoneSimulator.Build.0 = Release|Any CPU
		{4E1E8703-406A-45F7-B24B-BAB254292BFD}.Release|iPhoneSimulator.Deploy.0 = Release|Any CPU
	EndGlobalSection
	GlobalSection(SolutionProperties) = preSolution
		HideSolutionNode = FALSE
	EndGlobalSection
	GlobalSection(ExtensibilityGlobals) = postSolution
		SolutionGuid = {F324EF25-CFB2-4C6F-8216-8FADBDE79B10}
	EndGlobalSection
EndGlobal
